
Microsoft Visual Studio Solution File, Format Version 12.00
# Visual Studio Version 17
VisualStudioVersion = 17.8.34525.116
MinimumVisualStudioVersion = 10.0.40219.1
Project("{FAE04EC0-301F-11D3-BF4B-00C04F79EFBC}") = "task-trackerVS", "task-trackerVS\task-trackerVS.csproj", "{72DC121F-0D8D-4484-A3BC-D58242EFA120}"
EndProject
Global
	GlobalSection(SolutionConfigurationPlatforms) = preSolution
		Debug|Any CPU = Debug|Any CPU
		Release|Any CPU = Release|Any CPU
	EndGlobalSection
	GlobalSection(ProjectConfigurationPlatforms) = postSolution
		{72DC121F-0D8D-4484-A3BC-D58242EFA120}.Debug|Any CPU.ActiveCfg = Debug|Any CPU
		{72DC121F-0D8D-4484-A3BC-D58242EFA120}.Debug|Any CPU.Build.0 = Debug|Any CPU
		{72DC121F-0D8D-4484-A3BC-D58242EFA120}.Release|Any CPU.ActiveCfg = Release|Any CPU
		{72DC121F-0D8D-4484-A3BC-D58242EFA120}.Release|Any CPU.Build.0 = Release|Any CPU
	EndGlobalSection
	GlobalSection(SolutionProperties) = preSolution
		HideSolutionNode = FALSE
	EndGlobalSection
	GlobalSection(ExtensibilityGlobals) = postSolution
		SolutionGuid = {E6F76910-7E33-4C59-AC0F-1010A5EEA6B6}
	EndGlobalSection
EndGlobal
